{
    "_meta": {
        "hash": {
            "sha256": "8f288dae108e1617cda171a490492816b1af054f8cecf00ac1e2d43edafec157"
        },
        "pipfile-spec": 6,
        "requires": {
            "python_version": "3.6"
        },
        "sources": [
            {
                "name": "pypi",
                "url": "https://pypi.org/simple",
                "verify_ssl": true
            }
        ]
    },
    "default": {
        "adafruit-ampy": {
            "git": "https://github.com/scientifichackers/ampy.git",
            "ref": "c0b568cf12b017bd9dfd7d61a7132b7d760278a0"
        }
    },
    "develop": {}
}
